
Microsoft Visual Studio Solution File, Format Version 12.00
# Visual Studio 2013
VisualStudioVersion = 12.0.31101.0
MinimumVisualStudioVersion = 10.0.40219.1
Project("{F2A71F9B-5D33-465A-A702-920D77279786}") = "Sokoban", "Sokoban\Sokoban.fsproj", "{5CB9631A-D9E4-4A32-BA02-4F3768C2BDCA}"
EndProject
Global
	GlobalSection(SolutionConfigurationPlatforms) = preSolution
		Debug|Any CPU = Debug|Any CPU
		Release|Any CPU = Release|Any CPU
	EndGlobalSection
	GlobalSection(ProjectConfigurationPlatforms) = postSolution
		{5CB9631A-D9E4-4A32-BA02-4F3768C2BDCA}.Debug|Any CPU.ActiveCfg = Debug|Any CPU
		{5CB9631A-D9E4-4A32-BA02-4F3768C2BDCA}.Debug|Any CPU.Build.0 = Debug|Any CPU
		{5CB9631A-D9E4-4A32-BA02-4F3768C2BDCA}.Release|Any CPU.ActiveCfg = Release|Any CPU
		{5CB9631A-D9E4-4A32-BA02-4F3768C2BDCA}.Release|Any CPU.Build.0 = Release|Any CPU
	EndGlobalSection
	GlobalSection(SolutionProperties) = preSolution
		HideSolutionNode = FALSE
	EndGlobalSection
EndGlobal
